
Microsoft Visual Studio Solution File, Format Version 12.00
# Visual Studio 15
VisualStudioVersion = 15.0.26730.16
MinimumVisualStudioVersion = 10.0.40219.1
Project("{FAE04EC0-301F-11D3-BF4B-00C04F79EFBC}") = "EatBall", "EatBall\EatBall.csproj", "{251B1B9D-B04D-43FC-A5E9-5E50B365C611}"
EndProject
Global
	GlobalSection(SolutionConfigurationPlatforms) = preSolution
		Debug|Any CPU = Debug|Any CPU
		Release|Any CPU = Release|Any CPU
	EndGlobalSection
	GlobalSection(ProjectConfigurationPlatforms) = postSolution
		{251B1B9D-B04D-43FC-A5E9-5E50B365C611}.Debug|Any CPU.ActiveCfg = Debug|Any CPU
		{251B1B9D-B04D-43FC-A5E9-5E50B365C611}.Debug|Any CPU.Build.0 = Debug|Any CPU
		{251B1B9D-B04D-43FC-A5E9-5E50B365C611}.Release|Any CPU.ActiveCfg = Release|Any CPU
		{251B1B9D-B04D-43FC-A5E9-5E50B365C611}.Release|Any CPU.Build.0 = Release|Any CPU
	EndGlobalSection
	GlobalSection(SolutionProperties) = preSolution
		HideSolutionNode = FALSE
	EndGlobalSection
	GlobalSection(ExtensibilityGlobals) = postSolution
		SolutionGuid = {304962BA-50FA-4498-A4C6-B4EE31B67C4F}
	EndGlobalSection
EndGlobal
